
Microsoft Visual Studio Solution File, Format Version 12.00
# Visual Studio Version 17
VisualStudioVersion = 17.0.31717.71
MinimumVisualStudioVersion = 10.0.40219.1
Project("{FAE04EC0-301F-11D3-BF4B-00C04F79EFBC}") = "ProiectDAW", "ProiectDAW\ProiectDAW.csproj", "{2AE713E8-8BE3-4ABC-BA96-06CC5EF32D70}"
EndProject
Global
	GlobalSection(SolutionConfigurationPlatforms) = preSolution
		Debug|Any CPU = Debug|Any CPU
		Release|Any CPU = Release|Any CPU
	EndGlobalSection
	GlobalSection(ProjectConfigurationPlatforms) = postSolution
		{2AE713E8-8BE3-4ABC-BA96-06CC5EF32D70}.Debug|Any CPU.ActiveCfg = Debug|Any CPU
		{2AE713E8-8BE3-4ABC-BA96-06CC5EF32D70}.Debug|Any CPU.Build.0 = Debug|Any CPU
		{2AE713E8-8BE3-4ABC-BA96-06CC5EF32D70}.Release|Any CPU.ActiveCfg = Release|Any CPU
		{2AE713E8-8BE3-4ABC-BA96-06CC5EF32D70}.Release|Any CPU.Build.0 = Release|Any CPU
	EndGlobalSection
	GlobalSection(SolutionProperties) = preSolution
		HideSolutionNode = FALSE
	EndGlobalSection
	GlobalSection(ExtensibilityGlobals) = postSolution
		SolutionGuid = {AAD29B9F-8301-4A22-B7E6-9B2F59DE503B}
	EndGlobalSection
EndGlobal
